github.com/wwq1988/datastructure v0.0.0-20191104095310-b25c2b59edf7 h1:dT/ab30zIAFfX8xnEtEEgrs/fFZUNfOOHDJl/TEK85s=
github.com/wwq1988/datastructure v0.0.0-20191104095310-b25c2b59edf7/go.mod h1:ZsSUMNf5TNL0DtypF2jx+hBjEgJkUCloXEfRpHeDJPw=
github.com/wwq1988/datastructure v0.0.0-20200324025343-0824f270c5d8 h1:PNHitZXxcb0F6pBznfsG2ymzopTMTYUyrK4xn/YH6Ug=
github.com/wwq1988/datastructure v0.0.0-20200324025343-0824f270c5d8/go.mod h1:ZsSUMNf5TNL0DtypF2jx+hBjEgJkUCloXEfRpHeDJPw=
